<?xml version="1.0" encoding="utf-8"?>
<Project ToolsVersion="4.0" xmlns="http://schemas.microsoft.com/developer/msbuild/2003">
  <ItemGroup>
    <Filter Include="소스 파일">
      <UniqueIdentifier>{4FC737F1-C7A5-4376-A066-2A32D752A2FF}</UniqueIdentifier>
      <Extensions>cpp;c;cc;cxx;def;odl;idl;hpj;bat;asm;asmx</Extensions>
    </Filter>
    <Filter Include="헤더 파일">
      <UniqueIdentifier>{93995380-89BD-4b04-88EB-625FBE52EBFB}</UniqueIdentifier>
      <Extensions>h;hh;hpp;hxx;hm;inl;inc;xsd</Extensions>
    </Filter>
    <Filter Include="리소스 파일">
      <UniqueIdentifier>{67DA6AB6-F800-4c08-8B7A-83BB121AAD01}</UniqueIdentifier>
      <Extensions>rc;ico;cur;bmp;dlg;rc2;rct;bin;rgs;gif;jpg;jpeg;jpe;resx;tiff;tif;png;wav;mfcribbon-ms</Extensions>
    </Filter>
  </ItemGroup>
  <ItemGroup>
    <Text Include="ReadMe.txt" />
  </ItemGroup>
  <ItemGroup>
    <ClCompile Include="dllmain.cpp">
      <Filter>소스 파일</Filter>
    </ClCompile>
    <ClCompile Include="SkyInterface.cpp">
      <Filter>소스 파일</Filter>
    </ClCompile>
    <ClCompile Include="LuaModule.cpp">
      <Filter>소스 파일</Filter>
    </ClCompile>
    <ClCompile Include="lapi.cpp">
      <Filter>소스 파일</Filter>
    </ClCompile>
    <ClCompile Include="lauxlib.cpp">
      <Filter>소스 파일</Filter>
    </ClCompile>
    <ClCompile Include="lbaselib.cpp">
      <Filter>소스 파일</Filter>
    </ClCompile>
    <ClCompile Include="lcode.cpp">
      <Filter>소스 파일</Filter>
    </ClCompile>
    <ClCompile Include="lcorolib.cpp">
      <Filter>소스 파일</Filter>
    </ClCompile>
    <ClCompile Include="lctype.cpp">
      <Filter>소스 파일</Filter>
    </ClCompile>
    <ClCompile Include="ldebug.cpp">
      <Filter>소스 파일</Filter>
    </ClCompile>
    <ClCompile Include="ldo.cpp">
      <Filter>소스 파일</Filter>
    </ClCompile>
    <ClCompile Include="ldump.cpp">
      <Filter>소스 파일</Filter>
    </ClCompile>
    <ClCompile Include="lfunc.cpp">
      <Filter>소스 파일</Filter>
    </ClCompile>
    <ClCompile Include="lgc.cpp">
      <Filter>소스 파일</Filter>
    </ClCompile>
    <ClCompile Include="linit.cpp">
      <Filter>소스 파일</Filter>
    </ClCompile>
    <ClCompile Include="liolib.cpp">
      <Filter>소스 파일</Filter>
    </ClCompile>
    <ClCompile Include="llex.cpp">
      <Filter>소스 파일</Filter>
    </ClCompile>
    <ClCompile Include="lmathlib.cpp">
      <Filter>소스 파일</Filter>
    </ClCompile>
    <ClCompile Include="lmem.cpp">
      <Filter>소스 파일</Filter>
    </ClCompile>
    <ClCompile Include="loadlib.cpp">
      <Filter>소스 파일</Filter>
    </ClCompile>
    <ClCompile Include="lobject.cpp">
      <Filter>소스 파일</Filter>
    </ClCompile>
    <ClCompile Include="lopcodes.cpp">
      <Filter>소스 파일</Filter>
    </ClCompile>
    <ClCompile Include="loslib.cpp">
      <Filter>소스 파일</Filter>
    </ClCompile>
    <ClCompile Include="lparser.cpp">
      <Filter>소스 파일</Filter>
    </ClCompile>
    <ClCompile Include="lstate.cpp">
      <Filter>소스 파일</Filter>
    </ClCompile>
    <ClCompile Include="lstring.cpp">
      <Filter>소스 파일</Filter>
    </ClCompile>
    <ClCompile Include="lstrlib.cpp">
      <Filter>소스 파일</Filter>
    </ClCompile>
    <ClCompile Include="ltable.cpp">
      <Filter>소스 파일</Filter>
    </ClCompile>
    <ClCompile Include="ltablib.cpp">
      <Filter>소스 파일</Filter>
    </ClCompile>
    <ClCompile Include="ltests.cpp">
      <Filter>소스 파일</Filter>
    </ClCompile>
    <ClCompile Include="ltm.cpp">
      <Filter>소스 파일</Filter>
    </ClCompile>
    <ClCompile Include="lua.cpp">
      <Filter>소스 파일</Filter>
    </ClCompile>
    <ClCompile Include="lundump.cpp">
      <Filter>소스 파일</Filter>
    </ClCompile>
    <ClCompile Include="lutf8lib.cpp">
      <Filter>소스 파일</Filter>
    </ClCompile>
    <ClCompile Include="lvm.cpp">
      <Filter>소스 파일</Filter>
    </ClCompile>
    <ClCompile Include="lzio.cpp">
      <Filter>소스 파일</Filter>
    </ClCompile>
    <ClCompile Include="ldblib.cpp">
      <Filter>소스 파일</Filter>
    </ClCompile>
    <ClCompile Include="LuaScript.cpp">
      <Filter>소스 파일</Filter>
    </ClCompile>
    <ClCompile Include="LuaScriptModule.cpp">
      <Filter>소스 파일</Filter>
    </ClCompile>
  </ItemGroup>
  <ItemGroup>
    <ClInclude Include="SkyInterface.h">
      <Filter>소스 파일</Filter>
    </ClInclude>
    <ClInclude Include="..\..\Include\I_LuaModule.h">
      <Filter>헤더 파일</Filter>
    </ClInclude>
    <ClInclude Include="LuaModule.h">
      <Filter>소스 파일</Filter>
    </ClInclude>
    <ClInclude Include="lapi.h">
      <Filter>소스 파일</Filter>
    </ClInclude>
    <ClInclude Include="lauxlib.h">
      <Filter>소스 파일</Filter>
    </ClInclude>
    <ClInclude Include="lcode.h">
      <Filter>소스 파일</Filter>
    </ClInclude>
    <ClInclude Include="lctype.h">
      <Filter>소스 파일</Filter>
    </ClInclude>
    <ClInclude Include="ldebug.h">
      <Filter>소스 파일</Filter>
    </ClInclude>
    <ClInclude Include="ldo.h">
      <Filter>소스 파일</Filter>
    </ClInclude>
    <ClInclude Include="lfunc.h">
      <Filter>소스 파일</Filter>
    </ClInclude>
    <ClInclude Include="lgc.h">
      <Filter>소스 파일</Filter>
    </ClInclude>
    <ClInclude Include="ljumptab.h">
      <Filter>소스 파일</Filter>
    </ClInclude>
    <ClInclude Include="llex.h">
      <Filter>소스 파일</Filter>
    </ClInclude>
    <ClInclude Include="llimits.h">
      <Filter>소스 파일</Filter>
    </ClInclude>
    <ClInclude Include="lmem.h">
      <Filter>소스 파일</Filter>
    </ClInclude>
    <ClInclude Include="lobject.h">
      <Filter>소스 파일</Filter>
    </ClInclude>
    <ClInclude Include="lopcodes.h">
      <Filter>소스 파일</Filter>
    </ClInclude>
    <ClInclude Include="lparser.h">
      <Filter>소스 파일</Filter>
    </ClInclude>
    <ClInclude Include="lprefix.h">
      <Filter>소스 파일</Filter>
    </ClInclude>
    <ClInclude Include="lstate.h">
      <Filter>소스 파일</Filter>
    </ClInclude>
    <ClInclude Include="lstring.h">
      <Filter>소스 파일</Filter>
    </ClInclude>
    <ClInclude Include="ltable.h">
      <Filter>소스 파일</Filter>
    </ClInclude>
    <ClInclude Include="ltests.h">
      <Filter>소스 파일</Filter>
    </ClInclude>
    <ClInclude Include="ltm.h">
      <Filter>소스 파일</Filter>
    </ClInclude>
    <ClInclude Include="lua.h">
      <Filter>소스 파일</Filter>
    </ClInclude>
    <ClInclude Include="luaconf.h">
      <Filter>소스 파일</Filter>
    </ClInclude>
    <ClInclude Include="lualib.h">
      <Filter>소스 파일</Filter>
    </ClInclude>
    <ClInclude Include="lundump.h">
      <Filter>소스 파일</Filter>
    </ClInclude>
    <ClInclude Include="lvm.h">
      <Filter>소스 파일</Filter>
    </ClInclude>
    <ClInclude Include="lzio.h">
      <Filter>소스 파일</Filter>
    </ClInclude>
    <ClInclude Include="LuaScript.h">
      <Filter>소스 파일</Filter>
    </ClInclude>
    <ClInclude Include="luatinker.h">
      <Filter>헤더 파일</Filter>
    </ClInclude>
    <ClInclude Include="LuaScriptModule.h">
      <Filter>헤더 파일</Filter>
    </ClInclude>
  </ItemGroup>
</Project>