<?xml version="1.0" encoding="utf-8"?>
<Project ToolsVersion="4.0" xmlns="http://schemas.microsoft.com/developer/msbuild/2003">
  <ItemGroup>
    <ClCompile Include="kmain.cpp" />
    <ClCompile Include="SkyConsole.cpp" />
    <ClCompile Include="CPU\Hal.cpp">
      <Filter>CPU</Filter>
    </ClCompile>
    <ClCompile Include="CPU\IDT.cpp">
      <Filter>CPU</Filter>
    </ClCompile>
    <ClCompile Include="CPU\Pic.cpp">
      <Filter>CPU</Filter>
    </ClCompile>
    <ClCompile Include="CPU\PIT.cpp">
      <Filter>CPU</Filter>
    </ClCompile>
    <ClCompile Include="InitKernel.cpp" />
    <ClCompile Include="SkyAPI.cpp" />
    <ClCompile Include="Exception.cpp" />
    <ClCompile Include="CPU\GDT.cpp">
      <Filter>CPU</Filter>
    </ClCompile>
    <ClCompile Include="SkyTest.cpp" />
    <ClCompile Include="Memory\PhysicalMemoryManager.cpp">
      <Filter>Memory</Filter>
    </ClCompile>
    <ClCompile Include="Memory\VirtualMemoryManager.cpp">
      <Filter>Memory</Filter>
    </ClCompile>
    <ClCompile Include="Memory\PageDirectoryEntry.cpp">
      <Filter>Memory</Filter>
    </ClCompile>
    <ClCompile Include="Memory\PageTableEntry.cpp">
      <Filter>Memory</Filter>
    </ClCompile>
    <ClCompile Include="CPU\FPU.cpp">
      <Filter>CPU</Filter>
    </ClCompile>
  </ItemGroup>
  <ItemGroup>
    <ClInclude Include="kmain.h" />
    <ClInclude Include="SkyConsole.h" />
    <ClInclude Include="MultiBoot.h" />
    <ClInclude Include="CPU\Hal.h">
      <Filter>CPU</Filter>
    </ClInclude>
    <ClInclude Include="CPU\IDT.h">
      <Filter>CPU</Filter>
    </ClInclude>
    <ClInclude Include="CPU\Pic.h">
      <Filter>CPU</Filter>
    </ClInclude>
    <ClInclude Include="CPU\PIT.h">
      <Filter>CPU</Filter>
    </ClInclude>
    <ClInclude Include="InitKernel.h" />
    <ClInclude Include="SkyAPI.h" />
    <ClInclude Include="Exception.h" />
    <ClInclude Include="CPU\GDT.h">
      <Filter>CPU</Filter>
    </ClInclude>
    <ClInclude Include="SkyTest.h" />
    <ClInclude Include="Memory\PhysicalMemoryManager.h">
      <Filter>Memory</Filter>
    </ClInclude>
    <ClInclude Include="Memory\VirtualMemoryManager.h">
      <Filter>Memory</Filter>
    </ClInclude>
    <ClInclude Include="Memory\PageDirectoryEntry.h">
      <Filter>Memory</Filter>
    </ClInclude>
    <ClInclude Include="Memory\PageTableEntry.h">
      <Filter>Memory</Filter>
    </ClInclude>
    <ClInclude Include="CPU\FPU.h">
      <Filter>CPU</Filter>
    </ClInclude>
  </ItemGroup>
  <ItemGroup>
    <Filter Include="CPU">
      <UniqueIdentifier>{f90cc337-6617-45f5-ac76-08cfe2caa5a1}</UniqueIdentifier>
    </Filter>
    <Filter Include="Memory">
      <UniqueIdentifier>{3ecdb3ef-d093-4961-af61-868ec3a1e9f5}</UniqueIdentifier>
    </Filter>
  </ItemGroup>
</Project>