<?xml version="1.0" encoding="utf-8"?>
<Project ToolsVersion="4.0" xmlns="http://schemas.microsoft.com/developer/msbuild/2003">
  <ItemGroup>
    <ClCompile Include="GDT.cpp" />
    <ClCompile Include="ffmt.cpp" />
    <ClCompile Include="kmain.c" />
    <ClCompile Include="sprintf.c" />
    <ClCompile Include="memory.c" />
    <ClCompile Include="ctype.c" />
    <ClCompile Include="string.c" />
    <ClCompile Include="stdio.c" />
  </ItemGroup>
  <ItemGroup>
    <ClInclude Include="kmain.h" />
    <ClInclude Include="sprintf.h" />
    <ClInclude Include="string.h" />
    <ClInclude Include="stdio.h" />
    <ClInclude Include="ctype.h" />
    <ClInclude Include="ffmt.h" />
    <ClInclude Include="GDT.h" />
    <ClInclude Include="memory.h" />
  </ItemGroup>
  <ItemGroup>
    <CustomBuild Include="entry64.asm" />
  </ItemGroup>
</Project>