<?xml version="1.0" encoding="utf-8"?>
<Project ToolsVersion="4.0" xmlns="http://schemas.microsoft.com/developer/msbuild/2003">
  <ItemGroup>
    <Filter Include="jsmn">
      <UniqueIdentifier>{6427ffee-d7b5-43ae-bd4d-715013b5ba74}</UniqueIdentifier>
    </Filter>
    <Filter Include="stllike">
      <UniqueIdentifier>{74dae68f-7cff-4577-9f13-8847c6b8d565}</UniqueIdentifier>
    </Filter>
    <Filter Include="stl">
      <UniqueIdentifier>{74806527-b4f0-4003-960f-f62906112a10}</UniqueIdentifier>
    </Filter>
  </ItemGroup>
  <ItemGroup>
    <ClInclude Include="jsmn\jsmn.h">
      <Filter>jsmn</Filter>
    </ClInclude>
    <ClInclude Include="ctype.h" />
    <ClInclude Include="fileio.h" />
    <ClInclude Include="math.h" />
    <ClInclude Include="SkyStruct.h" />
    <ClInclude Include="sprintf.h" />
    <ClInclude Include="stdio.h" />
    <ClInclude Include="string.h" />
    <ClInclude Include="memory.h" />
    <ClInclude Include="stlLike\sky_vector.h">
      <Filter>stllike</Filter>
    </ClInclude>
    <ClInclude Include="stlLike\sky_stack.h">
      <Filter>stllike</Filter>
    </ClInclude>
    <ClInclude Include="stlLike\sky_list.h">
      <Filter>stllike</Filter>
    </ClInclude>
    <ClInclude Include="stlLike\sky_hashmap.h">
      <Filter>stllike</Filter>
    </ClInclude>
    <ClInclude Include="stlLike\sky_map.h">
      <Filter>stllike</Filter>
    </ClInclude>
    <ClInclude Include="stl\algo.h">
      <Filter>stl</Filter>
    </ClInclude>
    <ClInclude Include="stl\algobase.h">
      <Filter>stl</Filter>
    </ClInclude>
    <ClInclude Include="stl\alloc.h">
      <Filter>stl</Filter>
    </ClInclude>
    <ClInclude Include="stl\bvector.h">
      <Filter>stl</Filter>
    </ClInclude>
    <ClInclude Include="stl\defalloc.h">
      <Filter>stl</Filter>
    </ClInclude>
    <ClInclude Include="stl\deque.h">
      <Filter>stl</Filter>
    </ClInclude>
    <ClInclude Include="stl\function.h">
      <Filter>stl</Filter>
    </ClInclude>
    <ClInclude Include="stl\hash_map.h">
      <Filter>stl</Filter>
    </ClInclude>
    <ClInclude Include="stl\hash_set.h">
      <Filter>stl</Filter>
    </ClInclude>
    <ClInclude Include="stl\hashtable.h">
      <Filter>stl</Filter>
    </ClInclude>
    <ClInclude Include="stl\heap.h">
      <Filter>stl</Filter>
    </ClInclude>
    <ClInclude Include="stl\IOStream.h">
      <Filter>stl</Filter>
    </ClInclude>
    <ClInclude Include="stl\IStream.h">
      <Filter>stl</Filter>
    </ClInclude>
    <ClInclude Include="stl\iterator.h">
      <Filter>stl</Filter>
    </ClInclude>
    <ClInclude Include="stl\list.h">
      <Filter>stl</Filter>
    </ClInclude>
    <ClInclude Include="stl\map.h">
      <Filter>stl</Filter>
    </ClInclude>
    <ClInclude Include="stl\multimap.h">
      <Filter>stl</Filter>
    </ClInclude>
    <ClInclude Include="stl\multiset.h">
      <Filter>stl</Filter>
    </ClInclude>
    <ClInclude Include="stl\OStream.h">
      <Filter>stl</Filter>
    </ClInclude>
    <ClInclude Include="stl\pair.h">
      <Filter>stl</Filter>
    </ClInclude>
    <ClInclude Include="stl\pthread_alloc.h">
      <Filter>stl</Filter>
    </ClInclude>
    <ClInclude Include="stl\rope.h">
      <Filter>stl</Filter>
    </ClInclude>
    <ClInclude Include="stl\ropeimpl.h">
      <Filter>stl</Filter>
    </ClInclude>
    <ClInclude Include="stl\set.h">
      <Filter>stl</Filter>
    </ClInclude>
    <ClInclude Include="stl\slist.h">
      <Filter>stl</Filter>
    </ClInclude>
    <ClInclude Include="stl\stack.h">
      <Filter>stl</Filter>
    </ClInclude>
    <ClInclude Include="stl\stl_config.h">
      <Filter>stl</Filter>
    </ClInclude>
    <ClInclude Include="stl\stl_string.h">
      <Filter>stl</Filter>
    </ClInclude>
    <ClInclude Include="stl\tempbuf.h">
      <Filter>stl</Filter>
    </ClInclude>
    <ClInclude Include="stl\tree.h">
      <Filter>stl</Filter>
    </ClInclude>
    <ClInclude Include="stl\type_traits.h">
      <Filter>stl</Filter>
    </ClInclude>
    <ClInclude Include="stl\vector.h">
      <Filter>stl</Filter>
    </ClInclude>
    <ClInclude Include="stlLike\darray.hpp">
      <Filter>stllike</Filter>
    </ClInclude>
    <ClInclude Include="stlLike\deque.hpp">
      <Filter>stllike</Filter>
    </ClInclude>
    <ClInclude Include="stlLike\sky_functional.h">
      <Filter>stllike</Filter>
    </ClInclude>
    <ClInclude Include="stlLike\sky_deque.h">
      <Filter>stllike</Filter>
    </ClInclude>
    <ClInclude Include="stlLike\sky_darray.h">
      <Filter>stllike</Filter>
    </ClInclude>
  </ItemGroup>
  <ItemGroup>
    <ClCompile Include="jsmn\jsmn.cpp">
      <Filter>jsmn</Filter>
    </ClCompile>
    <ClCompile Include="cstd.cpp" />
    <ClCompile Include="ctype.cpp" />
    <ClCompile Include="fileio.cpp" />
    <ClCompile Include="math.cpp" />
    <ClCompile Include="sprintf.cpp" />
    <ClCompile Include="stdio.cpp" />
    <ClCompile Include="string.cpp" />
    <ClCompile Include="memory.cpp" />
    <ClCompile Include="stl\IStream.cpp">
      <Filter>stl</Filter>
    </ClCompile>
    <ClCompile Include="stl\OStream.cpp">
      <Filter>stl</Filter>
    </ClCompile>
    <ClCompile Include="stl\stl_string.cpp">
      <Filter>stl</Filter>
    </ClCompile>
  </ItemGroup>
</Project>