<?xml version="1.0" encoding="utf-8"?>
<Project ToolsVersion="4.0" xmlns="http://schemas.microsoft.com/developer/msbuild/2003">
  <ItemGroup>
    <Filter Include="jsmn">
      <UniqueIdentifier>{6427ffee-d7b5-43ae-bd4d-715013b5ba74}</UniqueIdentifier>
    </Filter>
    <Filter Include="stllike">
      <UniqueIdentifier>{74dae68f-7cff-4577-9f13-8847c6b8d565}</UniqueIdentifier>
    </Filter>
    <Filter Include="stl">
      <UniqueIdentifier>{74806527-b4f0-4003-960f-f62906112a10}</UniqueIdentifier>
    </Filter>
    <Filter Include="stl\tinystl">
      <UniqueIdentifier>{7d085712-e5ed-403e-94c3-0e159ad60cb9}</UniqueIdentifier>
    </Filter>
  </ItemGroup>
  <ItemGroup>
    <ClInclude Include="jsmn\jsmn.h">
      <Filter>jsmn</Filter>
    </ClInclude>
    <ClInclude Include="stlLike\c++config.h">
      <Filter>stllike</Filter>
    </ClInclude>
    <ClInclude Include="stlLike\concept_check.h">
      <Filter>stllike</Filter>
    </ClInclude>
    <ClInclude Include="stlLike\HashMap.h">
      <Filter>stllike</Filter>
    </ClInclude>
    <ClInclude Include="stlLike\list_implement.h">
      <Filter>stllike</Filter>
    </ClInclude>
    <ClInclude Include="stlLike\list_iterator_implement.h">
      <Filter>stllike</Filter>
    </ClInclude>
    <ClInclude Include="stlLike\list_node_implement.h">
      <Filter>stllike</Filter>
    </ClInclude>
    <ClInclude Include="stlLike\list1.h">
      <Filter>stllike</Filter>
    </ClInclude>
    <ClInclude Include="stlLike\map.hpp">
      <Filter>stllike</Filter>
    </ClInclude>
    <ClInclude Include="stlLike\map1.hpp">
      <Filter>stllike</Filter>
    </ClInclude>
    <ClInclude Include="stlLike\move.h">
      <Filter>stllike</Filter>
    </ClInclude>
    <ClInclude Include="stlLike\Stack.h">
      <Filter>stllike</Filter>
    </ClInclude>
    <ClInclude Include="stlLike\stl_pair.h">
      <Filter>stllike</Filter>
    </ClInclude>
    <ClInclude Include="stlLike\Vector.h">
      <Filter>stllike</Filter>
    </ClInclude>
    <ClInclude Include="stl\darray.h">
      <Filter>stl</Filter>
    </ClInclude>
    <ClInclude Include="stl\darray.hpp">
      <Filter>stl</Filter>
    </ClInclude>
    <ClInclude Include="stl\deque.h">
      <Filter>stl</Filter>
    </ClInclude>
    <ClInclude Include="stl\deque.hpp">
      <Filter>stl</Filter>
    </ClInclude>
    <ClInclude Include="stl\functional.h">
      <Filter>stl</Filter>
    </ClInclude>
    <ClInclude Include="stl\IOStream.h">
      <Filter>stl</Filter>
    </ClInclude>
    <ClInclude Include="stl\IStream.h">
      <Filter>stl</Filter>
    </ClInclude>
    <ClInclude Include="stl\OStream.h">
      <Filter>stl</Filter>
    </ClInclude>
    <ClInclude Include="stl\stl_string.h">
      <Filter>stl</Filter>
    </ClInclude>
    <ClInclude Include="stl\tinystl\algo.h">
      <Filter>stl\tinystl</Filter>
    </ClInclude>
    <ClInclude Include="stl\tinystl\algobase.h">
      <Filter>stl\tinystl</Filter>
    </ClInclude>
    <ClInclude Include="stl\tinystl\alloc.h">
      <Filter>stl\tinystl</Filter>
    </ClInclude>
    <ClInclude Include="stl\tinystl\bvector.h">
      <Filter>stl\tinystl</Filter>
    </ClInclude>
    <ClInclude Include="stl\tinystl\defalloc.h">
      <Filter>stl\tinystl</Filter>
    </ClInclude>
    <ClInclude Include="stl\tinystl\deque.h">
      <Filter>stl\tinystl</Filter>
    </ClInclude>
    <ClInclude Include="stl\tinystl\function.h">
      <Filter>stl\tinystl</Filter>
    </ClInclude>
    <ClInclude Include="stl\tinystl\hash_map.h">
      <Filter>stl\tinystl</Filter>
    </ClInclude>
    <ClInclude Include="stl\tinystl\hash_set.h">
      <Filter>stl\tinystl</Filter>
    </ClInclude>
    <ClInclude Include="stl\tinystl\hashtable.h">
      <Filter>stl\tinystl</Filter>
    </ClInclude>
    <ClInclude Include="stl\tinystl\heap.h">
      <Filter>stl\tinystl</Filter>
    </ClInclude>
    <ClInclude Include="stl\tinystl\iterator.h">
      <Filter>stl\tinystl</Filter>
    </ClInclude>
    <ClInclude Include="stl\tinystl\list.h">
      <Filter>stl\tinystl</Filter>
    </ClInclude>
    <ClInclude Include="stl\tinystl\map.h">
      <Filter>stl\tinystl</Filter>
    </ClInclude>
    <ClInclude Include="stl\tinystl\multimap.h">
      <Filter>stl\tinystl</Filter>
    </ClInclude>
    <ClInclude Include="stl\tinystl\multiset.h">
      <Filter>stl\tinystl</Filter>
    </ClInclude>
    <ClInclude Include="stl\tinystl\pair.h">
      <Filter>stl\tinystl</Filter>
    </ClInclude>
    <ClInclude Include="stl\tinystl\pthread_alloc.h">
      <Filter>stl\tinystl</Filter>
    </ClInclude>
    <ClInclude Include="stl\tinystl\rope.h">
      <Filter>stl\tinystl</Filter>
    </ClInclude>
    <ClInclude Include="stl\tinystl\ropeimpl.h">
      <Filter>stl\tinystl</Filter>
    </ClInclude>
    <ClInclude Include="stl\tinystl\set.h">
      <Filter>stl\tinystl</Filter>
    </ClInclude>
    <ClInclude Include="stl\tinystl\slist.h">
      <Filter>stl\tinystl</Filter>
    </ClInclude>
    <ClInclude Include="stl\tinystl\stack.h">
      <Filter>stl\tinystl</Filter>
    </ClInclude>
    <ClInclude Include="stl\tinystl\stl_config.h">
      <Filter>stl\tinystl</Filter>
    </ClInclude>
    <ClInclude Include="stl\tinystl\tempbuf.h">
      <Filter>stl\tinystl</Filter>
    </ClInclude>
    <ClInclude Include="stl\tinystl\tree.h">
      <Filter>stl\tinystl</Filter>
    </ClInclude>
    <ClInclude Include="stl\tinystl\type_traits.h">
      <Filter>stl\tinystl</Filter>
    </ClInclude>
    <ClInclude Include="stl\tinystl\vector.h">
      <Filter>stl\tinystl</Filter>
    </ClInclude>
    <ClInclude Include="ctype.h" />
    <ClInclude Include="fileio.h" />
    <ClInclude Include="math.h" />
    <ClInclude Include="SkyStruct.h" />
    <ClInclude Include="sprintf.h" />
    <ClInclude Include="stdint.h" />
    <ClInclude Include="stdio.h" />
    <ClInclude Include="string.h" />
    <ClInclude Include="memory.h" />
  </ItemGroup>
  <ItemGroup>
    <ClCompile Include="jsmn\jsmn.cpp">
      <Filter>jsmn</Filter>
    </ClCompile>
    <ClCompile Include="stl\IStream.cpp">
      <Filter>stl</Filter>
    </ClCompile>
    <ClCompile Include="stl\OStream.cpp">
      <Filter>stl</Filter>
    </ClCompile>
    <ClCompile Include="stl\stl_string.cpp">
      <Filter>stl</Filter>
    </ClCompile>
    <ClCompile Include="cstd.cpp" />
    <ClCompile Include="ctype.cpp" />
    <ClCompile Include="fileio.cpp" />
    <ClCompile Include="math.cpp" />
    <ClCompile Include="sprintf.cpp" />
    <ClCompile Include="stdio.cpp" />
    <ClCompile Include="string.cpp" />
    <ClCompile Include="memory.cpp" />
  </ItemGroup>
</Project>