<?xml version="1.0" encoding="utf-8"?>
<Project ToolsVersion="4.0" xmlns="http://schemas.microsoft.com/developer/msbuild/2003">
  <ItemGroup>
    <Filter Include="Entry">
      <UniqueIdentifier>{133342e2-89aa-43a0-bcb7-a8de80cb8046}</UniqueIdentifier>
    </Filter>
    <Filter Include="Console">
      <UniqueIdentifier>{7b170f13-618e-4bf5-93a8-57f2fbd6c417}</UniqueIdentifier>
    </Filter>
    <Filter Include="Memory">
      <UniqueIdentifier>{05f338c7-5233-4da2-bca6-85b8e22080cf}</UniqueIdentifier>
    </Filter>
    <Filter Include="API">
      <UniqueIdentifier>{6c38a177-ab66-4f39-b44e-7d875f173b36}</UniqueIdentifier>
    </Filter>
    <Filter Include="Process">
      <UniqueIdentifier>{4e8b9853-f281-4ba6-b922-0a30235e6756}</UniqueIdentifier>
    </Filter>
    <Filter Include="Device">
      <UniqueIdentifier>{ea585816-6afa-4911-9e22-08268e6babcb}</UniqueIdentifier>
    </Filter>
    <Filter Include="VFS">
      <UniqueIdentifier>{d43a5571-5d81-411c-8f65-dec866f99256}</UniqueIdentifier>
    </Filter>
    <Filter Include="HAL">
      <UniqueIdentifier>{f28e2cbc-40ef-4d94-ae8c-5d93396242a0}</UniqueIdentifier>
    </Filter>
    <Filter Include="UnitTest">
      <UniqueIdentifier>{b6f30009-68db-4eae-b56d-dc0cfd461382}</UniqueIdentifier>
    </Filter>
    <Filter Include="Video">
      <UniqueIdentifier>{317548d2-9076-414d-9403-486247cee5ad}</UniqueIdentifier>
    </Filter>
    <Filter Include="DataStructure">
      <UniqueIdentifier>{a652997e-b5b7-4178-836e-cd99edfe17fa}</UniqueIdentifier>
    </Filter>
    <Filter Include="System">
      <UniqueIdentifier>{3251226d-ebfa-45ad-baf4-339098dfdc96}</UniqueIdentifier>
    </Filter>
  </ItemGroup>
  <ItemGroup>
    <ClCompile Include="exception.cpp">
      <Filter>HAL</Filter>
    </ClCompile>
    <ClCompile Include="GDT.cpp">
      <Filter>HAL</Filter>
    </ClCompile>
    <ClCompile Include="Hal.cpp">
      <Filter>HAL</Filter>
    </ClCompile>
    <ClCompile Include="IDT.cpp">
      <Filter>HAL</Filter>
    </ClCompile>
    <ClCompile Include="pic.cpp">
      <Filter>HAL</Filter>
    </ClCompile>
    <ClCompile Include="PIT.cpp">
      <Filter>HAL</Filter>
    </ClCompile>
    <ClCompile Include="kheap.cpp">
      <Filter>Memory</Filter>
    </ClCompile>
    <ClCompile Include="ordered_array.cpp">
      <Filter>Memory</Filter>
    </ClCompile>
    <ClCompile Include="tss.cpp">
      <Filter>HAL</Filter>
    </ClCompile>
    <ClCompile Include="Process.cpp">
      <Filter>Process</Filter>
    </ClCompile>
    <ClCompile Include="ProcessManager.cpp">
      <Filter>Process</Filter>
    </ClCompile>
    <ClCompile Include="Thread.cpp">
      <Filter>Process</Filter>
    </ClCompile>
    <ClCompile Include="PhysicalMemoryManager.cpp">
      <Filter>Memory</Filter>
    </ClCompile>
    <ClCompile Include="VirtualMemoryManager.cpp">
      <Filter>Memory</Filter>
    </ClCompile>
    <ClCompile Include="PageTableEntry.cpp">
      <Filter>Memory</Filter>
    </ClCompile>
    <ClCompile Include="PageDirectoryEntry.cpp">
      <Filter>Memory</Filter>
    </ClCompile>
    <ClCompile Include="KeyBoard.cpp">
      <Filter>Device</Filter>
    </ClCompile>
    <ClCompile Include="SkyConsole.cpp">
      <Filter>Console</Filter>
    </ClCompile>
    <ClCompile Include="FloppyDisk.cpp">
      <Filter>Device</Filter>
    </ClCompile>
    <ClCompile Include="Partition.cpp">
      <Filter>Device</Filter>
    </ClCompile>
    <ClCompile Include="HardDisk.cpp">
      <Filter>Device</Filter>
    </ClCompile>
    <ClCompile Include="FAT32.cpp">
      <Filter>Device</Filter>
    </ClCompile>
    <ClCompile Include="FAT12.cpp">
      <Filter>Device</Filter>
    </ClCompile>
    <ClCompile Include="VFS.cpp">
      <Filter>VFS</Filter>
    </ClCompile>
    <ClCompile Include="FAT32VFSAdaptor.cpp">
      <Filter>VFS</Filter>
    </ClCompile>
    <ClCompile Include="kmain.cpp">
      <Filter>Entry</Filter>
    </ClCompile>
    <ClCompile Include="kentry.cpp">
      <Filter>Entry</Filter>
    </ClCompile>
    <ClCompile Include="ZetPlane.cpp">
      <Filter>UnitTest</Filter>
    </ClCompile>
    <ClCompile Include="Plane.cpp">
      <Filter>UnitTest</Filter>
    </ClCompile>
    <ClCompile Include="SkyAPI.cpp">
      <Filter>API</Filter>
    </ClCompile>
    <ClCompile Include="Video.cpp">
      <Filter>Video</Filter>
    </ClCompile>
    <ClCompile Include="vesa.cpp">
      <Filter>Video</Filter>
    </ClCompile>
    <ClCompile Include="StdVGA.cpp">
      <Filter>Video</Filter>
    </ClCompile>
    <ClCompile Include="ConsoleManager.cpp">
      <Filter>Console</Filter>
    </ClCompile>
    <ClCompile Include="SysAPI.cpp">
      <Filter>API</Filter>
    </ClCompile>
    <ClCompile Include="user.cpp" />
    <ClCompile Include="ProcessUtil.cpp">
      <Filter>Process</Filter>
    </ClCompile>
    <ClCompile Include="InitKernel.cpp">
      <Filter>Entry</Filter>
    </ClCompile>
    <ClCompile Include="List.cpp">
      <Filter>DataStructure</Filter>
    </ClCompile>
    <ClCompile Include="KernelProcedure.cpp">
      <Filter>System</Filter>
    </ClCompile>
    <ClCompile Include="Scheduler.cpp">
      <Filter>System</Filter>
    </ClCompile>
  </ItemGroup>
  <ItemGroup>
    <ClInclude Include="exception.h">
      <Filter>HAL</Filter>
    </ClInclude>
    <ClInclude Include="GDT.h">
      <Filter>HAL</Filter>
    </ClInclude>
    <ClInclude Include="Hal.h">
      <Filter>HAL</Filter>
    </ClInclude>
    <ClInclude Include="IDT.h">
      <Filter>HAL</Filter>
    </ClInclude>
    <ClInclude Include="pic.h">
      <Filter>HAL</Filter>
    </ClInclude>
    <ClInclude Include="PIT.h">
      <Filter>HAL</Filter>
    </ClInclude>
    <ClInclude Include="kheap.h">
      <Filter>Memory</Filter>
    </ClInclude>
    <ClInclude Include="ordered_array.h">
      <Filter>Memory</Filter>
    </ClInclude>
    <ClInclude Include="tss.h">
      <Filter>HAL</Filter>
    </ClInclude>
    <ClInclude Include="Process.h">
      <Filter>Process</Filter>
    </ClInclude>
    <ClInclude Include="ProcessManager.h">
      <Filter>Process</Filter>
    </ClInclude>
    <ClInclude Include="Thread.h">
      <Filter>Process</Filter>
    </ClInclude>
    <ClInclude Include="PhysicalMemoryManager.h">
      <Filter>Memory</Filter>
    </ClInclude>
    <ClInclude Include="VirtualMemoryManager.h">
      <Filter>Memory</Filter>
    </ClInclude>
    <ClInclude Include="PageTableEntry.h">
      <Filter>Memory</Filter>
    </ClInclude>
    <ClInclude Include="PageDirectoryEntry.h">
      <Filter>Memory</Filter>
    </ClInclude>
    <ClInclude Include="KeyBoardIO.h">
      <Filter>Device</Filter>
    </ClInclude>
    <ClInclude Include="KeyBoard.h">
      <Filter>Device</Filter>
    </ClInclude>
    <ClInclude Include="SkyConsole.h">
      <Filter>Console</Filter>
    </ClInclude>
    <ClInclude Include="FloppyDiskIO.h">
      <Filter>Device</Filter>
    </ClInclude>
    <ClInclude Include="FloppyDisk.h">
      <Filter>Device</Filter>
    </ClInclude>
    <ClInclude Include="Partition.h">
      <Filter>Device</Filter>
    </ClInclude>
    <ClInclude Include="HardDisk.h">
      <Filter>Device</Filter>
    </ClInclude>
    <ClInclude Include="FAT32.h">
      <Filter>Device</Filter>
    </ClInclude>
    <ClInclude Include="FAT12.h">
      <Filter>Device</Filter>
    </ClInclude>
    <ClInclude Include="VFS.h">
      <Filter>VFS</Filter>
    </ClInclude>
    <ClInclude Include="FAT32VFSAdaptor.h">
      <Filter>VFS</Filter>
    </ClInclude>
    <ClInclude Include="ZetPlane.h">
      <Filter>UnitTest</Filter>
    </ClInclude>
    <ClInclude Include="Plane.h">
      <Filter>UnitTest</Filter>
    </ClInclude>
    <ClInclude Include="SkyAPI.h">
      <Filter>API</Filter>
    </ClInclude>
    <ClInclude Include="Video.h">
      <Filter>Video</Filter>
    </ClInclude>
    <ClInclude Include="vesa.h">
      <Filter>Video</Filter>
    </ClInclude>
    <ClInclude Include="StdVGA.H">
      <Filter>Video</Filter>
    </ClInclude>
    <ClInclude Include="ConsoleManager.h">
      <Filter>Console</Filter>
    </ClInclude>
    <ClInclude Include="kmain.h">
      <Filter>Entry</Filter>
    </ClInclude>
    <ClInclude Include="SkyStruct.h">
      <Filter>API</Filter>
    </ClInclude>
    <ClInclude Include="SysAPI.h">
      <Filter>API</Filter>
    </ClInclude>
    <ClInclude Include="PEImage.h">
      <Filter>Process</Filter>
    </ClInclude>
    <ClInclude Include="ProcessUtil.h">
      <Filter>Process</Filter>
    </ClInclude>
    <ClInclude Include="InitKernel.h">
      <Filter>Entry</Filter>
    </ClInclude>
    <ClInclude Include="Collect.h">
      <Filter>DataStructure</Filter>
    </ClInclude>
    <ClInclude Include="DoubleLinkedList.h">
      <Filter>DataStructure</Filter>
    </ClInclude>
    <ClInclude Include="List.h">
      <Filter>DataStructure</Filter>
    </ClInclude>
    <ClInclude Include="SkyQueue.h">
      <Filter>DataStructure</Filter>
    </ClInclude>
    <ClInclude Include="MultiBoot.h">
      <Filter>Entry</Filter>
    </ClInclude>
    <ClInclude Include="KernelProcedure.h">
      <Filter>System</Filter>
    </ClInclude>
    <ClInclude Include="Scheduler.h">
      <Filter>System</Filter>
    </ClInclude>
  </ItemGroup>
</Project>