<?xml version="1.0" encoding="utf-8"?>
<Project ToolsVersion="4.0" xmlns="http://schemas.microsoft.com/developer/msbuild/2003">
  <ItemGroup>
    <Filter Include="Entry">
      <UniqueIdentifier>{133342e2-89aa-43a0-bcb7-a8de80cb8046}</UniqueIdentifier>
    </Filter>
    <Filter Include="Hal">
      <UniqueIdentifier>{f28e2cbc-40ef-4d94-ae8c-5d93396242a0}</UniqueIdentifier>
    </Filter>
    <Filter Include="Console">
      <UniqueIdentifier>{7b170f13-618e-4bf5-93a8-57f2fbd6c417}</UniqueIdentifier>
    </Filter>
    <Filter Include="Memory">
      <UniqueIdentifier>{05f338c7-5233-4da2-bca6-85b8e22080cf}</UniqueIdentifier>
    </Filter>
    <Filter Include="Disk">
      <UniqueIdentifier>{d43a5571-5d81-411c-8f65-dec866f99256}</UniqueIdentifier>
    </Filter>
    <Filter Include="API">
      <UniqueIdentifier>{6c38a177-ab66-4f39-b44e-7d875f173b36}</UniqueIdentifier>
    </Filter>
    <Filter Include="Process">
      <UniqueIdentifier>{4e8b9853-f281-4ba6-b922-0a30235e6756}</UniqueIdentifier>
    </Filter>
  </ItemGroup>
  <ItemGroup>
    <ClCompile Include="entry.cpp">
      <Filter>Entry</Filter>
    </ClCompile>
    <ClCompile Include="main.cpp">
      <Filter>Entry</Filter>
    </ClCompile>
    <ClCompile Include="Console.cpp">
      <Filter>Console</Filter>
    </ClCompile>
    <ClCompile Include="exception.cpp">
      <Filter>Hal</Filter>
    </ClCompile>
    <ClCompile Include="GDT.cpp">
      <Filter>Hal</Filter>
    </ClCompile>
    <ClCompile Include="Hal.cpp">
      <Filter>Hal</Filter>
    </ClCompile>
    <ClCompile Include="IDT.cpp">
      <Filter>Hal</Filter>
    </ClCompile>
    <ClCompile Include="pic.cpp">
      <Filter>Hal</Filter>
    </ClCompile>
    <ClCompile Include="PIT.cpp">
      <Filter>Hal</Filter>
    </ClCompile>
    <ClCompile Include="RTC.cpp">
      <Filter>Hal</Filter>
    </ClCompile>
    <ClCompile Include="kheap.cpp">
      <Filter>Memory</Filter>
    </ClCompile>
    <ClCompile Include="ordered_array.cpp">
      <Filter>Memory</Filter>
    </ClCompile>
    <ClCompile Include="fat12.cpp">
      <Filter>Disk</Filter>
    </ClCompile>
    <ClCompile Include="flpydsk.cpp">
      <Filter>Disk</Filter>
    </ClCompile>
    <ClCompile Include="fsys.cpp">
      <Filter>Disk</Filter>
    </ClCompile>
    <ClCompile Include="dma.cpp">
      <Filter>Hal</Filter>
    </ClCompile>
    <ClCompile Include="sysapi.cpp">
      <Filter>API</Filter>
    </ClCompile>
    <ClCompile Include="ZetPlane.cpp" />
    <ClCompile Include="Plane.cpp" />
    <ClCompile Include="tss.cpp">
      <Filter>Hal</Filter>
    </ClCompile>
    <ClCompile Include="List.cpp">
      <Filter>Process</Filter>
    </ClCompile>
    <ClCompile Include="Process.cpp">
      <Filter>Process</Filter>
    </ClCompile>
    <ClCompile Include="ProcessManager.cpp">
      <Filter>Process</Filter>
    </ClCompile>
    <ClCompile Include="Thread.cpp">
      <Filter>Process</Filter>
    </ClCompile>
    <ClCompile Include="task.cpp">
      <Filter>Process</Filter>
    </ClCompile>
    <ClCompile Include="user.cpp">
      <Filter>Process</Filter>
    </ClCompile>
    <ClCompile Include="kybrd.cpp" />
    <ClCompile Include="Scheduler.cpp" />
    <ClCompile Include="ConsoleManager.cpp" />
    <ClCompile Include="KernelProcedure.cpp" />
    <ClCompile Include="PhysicalMemoryManager.cpp">
      <Filter>Memory</Filter>
    </ClCompile>
    <ClCompile Include="VirtualMemoryManager.cpp">
      <Filter>Memory</Filter>
    </ClCompile>
    <ClCompile Include="PageTableEntry.cpp">
      <Filter>Memory</Filter>
    </ClCompile>
    <ClCompile Include="PageDirectoryEntry.cpp">
      <Filter>Memory</Filter>
    </ClCompile>
    <ClCompile Include="Video.cpp" />
    <ClCompile Include="InitKernel.cpp" />
    <ClCompile Include="FAT.cpp">
      <Filter>Disk</Filter>
    </ClCompile>
    <ClCompile Include="Partition.cpp">
      <Filter>Disk</Filter>
    </ClCompile>
    <ClCompile Include="vesa.cpp" />
    <ClCompile Include="StdVGA.cpp" />
    <ClCompile Include="Harddisk.cpp">
      <Filter>Disk</Filter>
    </ClCompile>
    <ClCompile Include="fat32.cpp">
      <Filter>Disk</Filter>
    </ClCompile>
  </ItemGroup>
  <ItemGroup>
    <ClInclude Include="Console.h">
      <Filter>Console</Filter>
    </ClInclude>
    <ClInclude Include="exception.h">
      <Filter>Hal</Filter>
    </ClInclude>
    <ClInclude Include="GDT.h">
      <Filter>Hal</Filter>
    </ClInclude>
    <ClInclude Include="Hal.h">
      <Filter>Hal</Filter>
    </ClInclude>
    <ClInclude Include="IDT.h">
      <Filter>Hal</Filter>
    </ClInclude>
    <ClInclude Include="pic.h">
      <Filter>Hal</Filter>
    </ClInclude>
    <ClInclude Include="PIT.h">
      <Filter>Hal</Filter>
    </ClInclude>
    <ClInclude Include="RTC.H">
      <Filter>Hal</Filter>
    </ClInclude>
    <ClInclude Include="kheap.h">
      <Filter>Memory</Filter>
    </ClInclude>
    <ClInclude Include="ordered_array.h">
      <Filter>Memory</Filter>
    </ClInclude>
    <ClInclude Include="fat12.h">
      <Filter>Disk</Filter>
    </ClInclude>
    <ClInclude Include="flpydsk.h">
      <Filter>Disk</Filter>
    </ClInclude>
    <ClInclude Include="fsys.h">
      <Filter>Disk</Filter>
    </ClInclude>
    <ClInclude Include="GSH.H">
      <Filter>Disk</Filter>
    </ClInclude>
    <ClInclude Include="dma.h">
      <Filter>Hal</Filter>
    </ClInclude>
    <ClInclude Include="Collect.h" />
    <ClInclude Include="sysapi.h">
      <Filter>API</Filter>
    </ClInclude>
    <ClInclude Include="ZetPlane.h" />
    <ClInclude Include="Plane.h" />
    <ClInclude Include="tss.h">
      <Filter>Hal</Filter>
    </ClInclude>
    <ClInclude Include="List.h">
      <Filter>Process</Filter>
    </ClInclude>
    <ClInclude Include="Process.h">
      <Filter>Process</Filter>
    </ClInclude>
    <ClInclude Include="ProcessManager.h">
      <Filter>Process</Filter>
    </ClInclude>
    <ClInclude Include="Thread.h">
      <Filter>Process</Filter>
    </ClInclude>
    <ClInclude Include="task.h">
      <Filter>Process</Filter>
    </ClInclude>
    <ClInclude Include="image.h">
      <Filter>Process</Filter>
    </ClInclude>
    <ClInclude Include="kybrd.h" />
    <ClInclude Include="Scheduler.h" />
    <ClInclude Include="ConsoleManager.h" />
    <ClInclude Include="KernelProcedure.h" />
    <ClInclude Include="PhysicalMemoryManager.h">
      <Filter>Memory</Filter>
    </ClInclude>
    <ClInclude Include="VirtualMemoryManager.h">
      <Filter>Memory</Filter>
    </ClInclude>
    <ClInclude Include="PageTableEntry.h">
      <Filter>Memory</Filter>
    </ClInclude>
    <ClInclude Include="PageDirectoryEntry.h">
      <Filter>Memory</Filter>
    </ClInclude>
    <ClInclude Include="DoubleLinkedList.h" />
    <ClInclude Include="OrangeQueue.h" />
    <ClInclude Include="main.h" />
    <ClInclude Include="Video.h" />
    <ClInclude Include="InitKernel.h" />
    <ClInclude Include="MultiBoot.h" />
    <ClInclude Include="FAT.h">
      <Filter>Disk</Filter>
    </ClInclude>
    <ClInclude Include="Partition.h">
      <Filter>Disk</Filter>
    </ClInclude>
    <ClInclude Include="vesa.h" />
    <ClInclude Include="StdVGA.H" />
    <ClInclude Include="HardDisk.h">
      <Filter>Disk</Filter>
    </ClInclude>
    <ClInclude Include="fat32.h">
      <Filter>Disk</Filter>
    </ClInclude>
  </ItemGroup>
</Project>