<?xml version="1.0" encoding="utf-8"?>
<Project ToolsVersion="4.0" xmlns="http://schemas.microsoft.com/developer/msbuild/2003">
  <ItemGroup>
    <ClCompile Include="kmain.cpp" />
    <ClCompile Include="SkyConsole.cpp" />
    <ClCompile Include="CPU\Hal.cpp">
      <Filter>CPU</Filter>
    </ClCompile>
    <ClCompile Include="CPU\IDT.cpp">
      <Filter>CPU</Filter>
    </ClCompile>
    <ClCompile Include="CPU\Pic.cpp">
      <Filter>CPU</Filter>
    </ClCompile>
    <ClCompile Include="CPU\PIT.cpp">
      <Filter>CPU</Filter>
    </ClCompile>
    <ClCompile Include="InitKernel.cpp" />
    <ClCompile Include="SkyAPI.cpp" />
    <ClCompile Include="Exception.cpp" />
    <ClCompile Include="CPU\GDT.cpp">
      <Filter>CPU</Filter>
    </ClCompile>
    <ClCompile Include="SkyTest.cpp" />
    <ClCompile Include="Memory\PhysicalMemoryManager.cpp">
      <Filter>Memory</Filter>
    </ClCompile>
    <ClCompile Include="Memory\VirtualMemoryManager.cpp">
      <Filter>Memory</Filter>
    </ClCompile>
    <ClCompile Include="Memory\PageDirectoryEntry.cpp">
      <Filter>Memory</Filter>
    </ClCompile>
    <ClCompile Include="Memory\PageTableEntry.cpp">
      <Filter>Memory</Filter>
    </ClCompile>
    <ClCompile Include="Heap\kheap.cpp">
      <Filter>Heap</Filter>
    </ClCompile>
    <ClCompile Include="Heap\ordered_array.cpp">
      <Filter>Heap</Filter>
    </ClCompile>
    <ClCompile Include="Heap\HeapManager.cpp">
      <Filter>Heap</Filter>
    </ClCompile>
    <ClCompile Include="Test\Plane.cpp">
      <Filter>Test</Filter>
    </ClCompile>
    <ClCompile Include="Test\ZetPlane.cpp">
      <Filter>Test</Filter>
    </ClCompile>
    <ClCompile Include="SysAPI.cpp" />
    <ClCompile Include="FileSystem\kfileio.cpp">
      <Filter>FileSystem</Filter>
    </ClCompile>
    <ClCompile Include="FileSystem\Harddisk.cpp">
      <Filter>FileSystem</Filter>
    </ClCompile>
    <ClCompile Include="FileSystem\ACEList.cpp">
      <Filter>FileSystem</Filter>
    </ClCompile>
    <ClCompile Include="SysInfo.cpp" />
    <ClCompile Include="FileSystem\fat32.cpp">
      <Filter>FileSystem</Filter>
    </ClCompile>
    <ClCompile Include="FileSystem\Partition.cpp">
      <Filter>FileSystem</Filter>
    </ClCompile>
    <ClCompile Include="FileSystem\MintFileSystem.cpp">
      <Filter>FileSystem</Filter>
    </ClCompile>
    <ClCompile Include="FileSystem\RAMDisk.cpp">
      <Filter>FileSystem</Filter>
    </ClCompile>
    <ClCompile Include="FileSystem\HDDAdaptor.cpp">
      <Filter>FileSystem</Filter>
    </ClCompile>
    <ClCompile Include="FileSystem\ObjMan.cpp">
      <Filter>FileSystem</Filter>
    </ClCompile>
    <ClCompile Include="FileSystem\RamDiskAdaptor.cpp">
      <Filter>FileSystem</Filter>
    </ClCompile>
    <ClCompile Include="FileSystem\StorageManager.cpp">
      <Filter>FileSystem</Filter>
    </ClCompile>
    <ClCompile Include="FileSystem\FAT12.cpp">
      <Filter>FileSystem</Filter>
    </ClCompile>
    <ClCompile Include="FileSystem\FloppyDisk.cpp">
      <Filter>FileSystem</Filter>
    </ClCompile>
    <ClCompile Include="FileSystem\FileSysAdaptor.cpp">
      <Filter>FileSystem</Filter>
    </ClCompile>
    <ClCompile Include="FileSystem\FloppyDiskAdaptor.cpp">
      <Filter>FileSystem</Filter>
    </ClCompile>
    <ClCompile Include="KeyBoard\KeyBoard.cpp" />
    <ClCompile Include="KeyBoard\KeyboardController.cpp" />
    <ClCompile Include="CPlusPlus\ctrycatch.cpp">
      <Filter>CPlusPlus</Filter>
    </ClCompile>
    <ClCompile Include="CPlusPlus\setjmp.c">
      <Filter>CPlusPlus</Filter>
    </ClCompile>
    <ClCompile Include="CPU\FPU.cpp">
      <Filter>CPU</Filter>
    </ClCompile>
    <ClCompile Include="TSS.cpp" />
    <ClCompile Include="commands.cpp" />
    <ClCompile Include="ConsoleManager.cpp" />
    <ClCompile Include="KernelProcedure.cpp" />
    <ClCompile Include="Loader.cpp" />
    <ClCompile Include="ProcessManager.cpp" />
    <ClCompile Include="ProcessUtil.cpp" />
    <ClCompile Include="Thread.cpp" />
    <ClCompile Include="UserProcessLoader.cpp" />
    <ClCompile Include="KernelProcessLoader.cpp" />
    <ClCompile Include="Process.cpp" />
    <ClCompile Include="Scheduler.cpp" />
    <ClCompile Include="SystemProfiler.cpp" />
    <ClCompile Include="API.cpp" />
    <ClCompile Include="PCI.cpp" />
    <ClCompile Include="v8086\rme.cpp">
      <Filter>V8086</Filter>
    </ClCompile>
    <ClCompile Include="RMEFunc.cpp" />
    <ClCompile Include="vesa.cpp" />
    <ClCompile Include="VideoRam.cpp" />
    <ClCompile Include="JPEG.cpp" />
    <ClCompile Include="GUI\Haribote\fifo.cpp">
      <Filter>GUI\SkyGUI</Filter>
    </ClCompile>
    <ClCompile Include="GUI\SkyGUISystem.cpp">
      <Filter>GUI</Filter>
    </ClCompile>
    <ClCompile Include="GUI\SkyWindow.cpp">
      <Filter>GUI</Filter>
    </ClCompile>
    <ClCompile Include="GUI\Haribote\SkyGUI.cpp">
      <Filter>GUI\SkyGUI</Filter>
    </ClCompile>
    <ClCompile Include="GUI\Haribote\SkyMouse.cpp">
      <Filter>GUI\SkyGUI</Filter>
    </ClCompile>
    <ClCompile Include="GUI\Haribote\SkyRenderer.cpp">
      <Filter>GUI\SkyGUI</Filter>
    </ClCompile>
    <ClCompile Include="GUI\Haribote\SkySheet.cpp">
      <Filter>GUI\SkyGUI</Filter>
    </ClCompile>
    <ClCompile Include="GUI\Haribote\SkySheetController.cpp">
      <Filter>GUI\SkyGUI</Filter>
    </ClCompile>
    <ClCompile Include="GUI\Simple\SkySimpleGUI.cpp">
      <Filter>GUI\Simple</Filter>
    </ClCompile>
    <ClCompile Include="SkyRenderer8.cpp" />
    <ClCompile Include="SkyRenderer32.cpp" />
    <ClCompile Include="SkySheetController8.cpp" />
    <ClCompile Include="SkySheetController32.cpp" />
    <ClCompile Include="ConsoleIOListener.cpp" />
    <ClCompile Include="LUA\lapi.c">
      <Filter>LUA</Filter>
    </ClCompile>
    <ClCompile Include="LUA\lauxlib.c">
      <Filter>LUA</Filter>
    </ClCompile>
    <ClCompile Include="LUA\lbuffer.c">
      <Filter>LUA</Filter>
    </ClCompile>
    <ClCompile Include="LUA\lbuiltin.c">
      <Filter>LUA</Filter>
    </ClCompile>
    <ClCompile Include="LUA\ldblib.c">
      <Filter>LUA</Filter>
    </ClCompile>
    <ClCompile Include="LUA\ldo.c">
      <Filter>LUA</Filter>
    </ClCompile>
    <ClCompile Include="LUA\lfunc.c">
      <Filter>LUA</Filter>
    </ClCompile>
    <ClCompile Include="LUA\lgc.c">
      <Filter>LUA</Filter>
    </ClCompile>
    <ClCompile Include="LUA\linit.c">
      <Filter>LUA</Filter>
    </ClCompile>
    <ClCompile Include="LUA\llex.c">
      <Filter>LUA</Filter>
    </ClCompile>
    <ClCompile Include="LUA\lmem.c">
      <Filter>LUA</Filter>
    </ClCompile>
    <ClCompile Include="LUA\lobject.c">
      <Filter>LUA</Filter>
    </ClCompile>
    <ClCompile Include="LUA\lparser.c">
      <Filter>LUA</Filter>
    </ClCompile>
    <ClCompile Include="LUA\lstate.c">
      <Filter>LUA</Filter>
    </ClCompile>
    <ClCompile Include="LUA\lstring.c">
      <Filter>LUA</Filter>
    </ClCompile>
    <ClCompile Include="LUA\ltable.c">
      <Filter>LUA</Filter>
    </ClCompile>
    <ClCompile Include="LUA\ltm.c">
      <Filter>LUA</Filter>
    </ClCompile>
    <ClCompile Include="LUA\lundump.c">
      <Filter>LUA</Filter>
    </ClCompile>
    <ClCompile Include="LUA\lvm.c">
      <Filter>LUA</Filter>
    </ClCompile>
    <ClCompile Include="LUA\lzio.c">
      <Filter>LUA</Filter>
    </ClCompile>
    <ClCompile Include="LUA\lmathlib.c">
      <Filter>LUA</Filter>
    </ClCompile>
    <ClCompile Include="LUA\liolib.cpp">
      <Filter>LUA</Filter>
    </ClCompile>
    <ClCompile Include="LUA\lstrlib.cpp">
      <Filter>LUA</Filter>
    </ClCompile>
    <ClCompile Include="GUI\svgagui\src\_mouse.cpp">
      <Filter>GUI\SVGA</Filter>
    </ClCompile>
    <ClCompile Include="GUI\svgagui\src\browser.cpp">
      <Filter>GUI\SVGA</Filter>
    </ClCompile>
    <ClCompile Include="GUI\svgagui\src\button.cpp">
      <Filter>GUI\SVGA</Filter>
    </ClCompile>
    <ClCompile Include="GUI\svgagui\src\check.cpp">
      <Filter>GUI\SVGA</Filter>
    </ClCompile>
    <ClCompile Include="GUI\svgagui\src\choice.cpp">
      <Filter>GUI\SVGA</Filter>
    </ClCompile>
    <ClCompile Include="GUI\svgagui\src\dialog.cpp">
      <Filter>GUI\SVGA</Filter>
    </ClCompile>
    <ClCompile Include="GUI\svgagui\src\filedialog.cpp">
      <Filter>GUI\SVGA</Filter>
    </ClCompile>
    <ClCompile Include="GUI\svgagui\src\general.cpp">
      <Filter>GUI\SVGA</Filter>
    </ClCompile>
    <ClCompile Include="GUI\svgagui\src\iconlist.cpp">
      <Filter>GUI\SVGA</Filter>
    </ClCompile>
    <ClCompile Include="GUI\svgagui\src\image.cpp">
      <Filter>GUI\SVGA</Filter>
    </ClCompile>
    <ClCompile Include="GUI\svgagui\src\info.cpp">
      <Filter>GUI\SVGA</Filter>
    </ClCompile>
    <ClCompile Include="GUI\svgagui\src\input.cpp">
      <Filter>GUI\SVGA</Filter>
    </ClCompile>
    <ClCompile Include="GUI\svgagui\src\listbox.cpp">
      <Filter>GUI\SVGA</Filter>
    </ClCompile>
    <ClCompile Include="GUI\svgagui\src\number.cpp">
      <Filter>GUI\SVGA</Filter>
    </ClCompile>
    <ClCompile Include="GUI\svgagui\src\object.cpp">
      <Filter>GUI\SVGA</Filter>
    </ClCompile>
    <ClCompile Include="GUI\svgagui\src\progress.cpp">
      <Filter>GUI\SVGA</Filter>
    </ClCompile>
    <ClCompile Include="GUI\svgagui\src\pulldown.cpp">
      <Filter>GUI\SVGA</Filter>
    </ClCompile>
    <ClCompile Include="GUI\svgagui\src\screen.cpp">
      <Filter>GUI\SVGA</Filter>
    </ClCompile>
    <ClCompile Include="GUI\svgagui\src\slider.cpp">
      <Filter>GUI\SVGA</Filter>
    </ClCompile>
    <ClCompile Include="GUI\svgagui\src\svgalib.cpp">
      <Filter>GUI\SVGA</Filter>
    </ClCompile>
    <ClCompile Include="GUI\svgagui\src\text.cpp">
      <Filter>GUI\SVGA</Filter>
    </ClCompile>
    <ClCompile Include="GUI\svgagui\src\window.cpp">
      <Filter>GUI\SVGA</Filter>
    </ClCompile>
    <ClCompile Include="GUI\svgagui\src\window_draw.cPP">
      <Filter>GUI\SVGA</Filter>
    </ClCompile>
    <ClCompile Include="GUI\svgagui\src\window_thread.cpp">
      <Filter>GUI\SVGA</Filter>
    </ClCompile>
    <ClCompile Include="GUI\svgagui\src\xlib.cpp">
      <Filter>GUI\SVGA</Filter>
    </ClCompile>
    <ClCompile Include="GUI\svgagui\svgaguientry.cpp">
      <Filter>GUI\SVGA</Filter>
    </ClCompile>
    <ClCompile Include="GUI\svgagui\example\color.cpp">
      <Filter>GUI\SVGA</Filter>
    </ClCompile>
    <ClCompile Include="3c905b.cpp" />
    <ClCompile Include="nic.cpp" />
    <ClCompile Include="bepci.cpp" />
  </ItemGroup>
  <ItemGroup>
    <ClInclude Include="kmain.h" />
    <ClInclude Include="SkyConsole.h" />
    <ClInclude Include="MultiBoot.h" />
    <ClInclude Include="CPU\Hal.h">
      <Filter>CPU</Filter>
    </ClInclude>
    <ClInclude Include="CPU\IDT.h">
      <Filter>CPU</Filter>
    </ClInclude>
    <ClInclude Include="CPU\Pic.h">
      <Filter>CPU</Filter>
    </ClInclude>
    <ClInclude Include="CPU\PIT.h">
      <Filter>CPU</Filter>
    </ClInclude>
    <ClInclude Include="InitKernel.h" />
    <ClInclude Include="SkyAPI.h" />
    <ClInclude Include="Exception.h" />
    <ClInclude Include="CPU\GDT.h">
      <Filter>CPU</Filter>
    </ClInclude>
    <ClInclude Include="SkyTest.h" />
    <ClInclude Include="Memory\PhysicalMemoryManager.h">
      <Filter>Memory</Filter>
    </ClInclude>
    <ClInclude Include="Memory\VirtualMemoryManager.h">
      <Filter>Memory</Filter>
    </ClInclude>
    <ClInclude Include="Memory\PageDirectoryEntry.h">
      <Filter>Memory</Filter>
    </ClInclude>
    <ClInclude Include="Memory\PageTableEntry.h">
      <Filter>Memory</Filter>
    </ClInclude>
    <ClInclude Include="Heap\kheap.h">
      <Filter>Heap</Filter>
    </ClInclude>
    <ClInclude Include="Heap\ordered_array.h">
      <Filter>Heap</Filter>
    </ClInclude>
    <ClInclude Include="Heap\HeapManager.h">
      <Filter>Heap</Filter>
    </ClInclude>
    <ClInclude Include="Test\Plane.h">
      <Filter>Test</Filter>
    </ClInclude>
    <ClInclude Include="Test\TestInteger.h">
      <Filter>Test</Filter>
    </ClInclude>
    <ClInclude Include="Test\ZetPlane.h">
      <Filter>Test</Filter>
    </ClInclude>
    <ClInclude Include="SysAPI.h" />
    <ClInclude Include="Test\PureCallExtend.h">
      <Filter>Test</Filter>
    </ClInclude>
    <ClInclude Include="FileSystem\HardDisk.h">
      <Filter>FileSystem</Filter>
    </ClInclude>
    <ClInclude Include="FileSystem\ACEList.h">
      <Filter>FileSystem</Filter>
    </ClInclude>
    <ClInclude Include="SysError.h" />
    <ClInclude Include="SysInfo.h" />
    <ClInclude Include="FileSystem\fat32.h">
      <Filter>FileSystem</Filter>
    </ClInclude>
    <ClInclude Include="FileSystem\Partition.h">
      <Filter>FileSystem</Filter>
    </ClInclude>
    <ClInclude Include="FileSystem\MintFileSystem.h">
      <Filter>FileSystem</Filter>
    </ClInclude>
    <ClInclude Include="FileSystem\RAMDisk.h">
      <Filter>FileSystem</Filter>
    </ClInclude>
    <ClInclude Include="FileSystem\Collect.h">
      <Filter>FileSystem</Filter>
    </ClInclude>
    <ClInclude Include="FileSystem\HDDAdaptor.h">
      <Filter>FileSystem</Filter>
    </ClInclude>
    <ClInclude Include="FileSystem\ObjMan.h">
      <Filter>FileSystem</Filter>
    </ClInclude>
    <ClInclude Include="FileSystem\RamDiskAdaptor.h">
      <Filter>FileSystem</Filter>
    </ClInclude>
    <ClInclude Include="FileSystem\StorageManager.h">
      <Filter>FileSystem</Filter>
    </ClInclude>
    <ClInclude Include="FileSystem\FAT12.h">
      <Filter>FileSystem</Filter>
    </ClInclude>
    <ClInclude Include="FileSystem\FloppyDisk.h">
      <Filter>FileSystem</Filter>
    </ClInclude>
    <ClInclude Include="FileSystem\FloppyDiskIO.h">
      <Filter>FileSystem</Filter>
    </ClInclude>
    <ClInclude Include="FileSystem\FileSysAdaptor.h">
      <Filter>FileSystem</Filter>
    </ClInclude>
    <ClInclude Include="FileSystem\FloppyDiskAdaptor.h">
      <Filter>FileSystem</Filter>
    </ClInclude>
    <ClInclude Include="KeyBoard\KeyBoard.h" />
    <ClInclude Include="KeyBoard\KeyboardController.h" />
    <ClInclude Include="KeyBoard\KeyBoardIO.h" />
    <ClInclude Include="CPlusPlus\_mingw.h">
      <Filter>CPlusPlus</Filter>
    </ClInclude>
    <ClInclude Include="CPlusPlus\ctrycatch.h">
      <Filter>CPlusPlus</Filter>
    </ClInclude>
    <ClInclude Include="CPlusPlus\setjmp.h">
      <Filter>CPlusPlus</Filter>
    </ClInclude>
    <ClInclude Include="CPlusPlus\signal.h">
      <Filter>CPlusPlus</Filter>
    </ClInclude>
    <ClInclude Include="CPU\FPU.h">
      <Filter>CPU</Filter>
    </ClInclude>
    <ClInclude Include="TSS.h" />
    <ClInclude Include="commandMacros.h" />
    <ClInclude Include="commands.h" />
    <ClInclude Include="commandTable.h" />
    <ClInclude Include="ConsoleManager.h" />
    <ClInclude Include="KernelProcedure.h" />
    <ClInclude Include="Loader.h" />
    <ClInclude Include="PEImage.h" />
    <ClInclude Include="ProcessManager.h" />
    <ClInclude Include="ProcessUtil.h" />
    <ClInclude Include="Thread.h" />
    <ClInclude Include="UserProcessLoader.h" />
    <ClInclude Include="KernelProcessLoader.h" />
    <ClInclude Include="Process.h" />
    <ClInclude Include="Scheduler.h" />
    <ClInclude Include="SystemProfiler.h" />
    <ClInclude Include="API.h" />
    <ClInclude Include="v8086\rme.h">
      <Filter>V8086</Filter>
    </ClInclude>
    <ClInclude Include="RMEFunc.h" />
    <ClInclude Include="VESA.h" />
    <ClInclude Include="VideoRam.h" />
    <ClInclude Include="JPEG.h" />
    <ClInclude Include="GUI\Haribote\fifo.h">
      <Filter>GUI\SkyGUI</Filter>
    </ClInclude>
    <ClInclude Include="GUI\Haribote\FontData.h">
      <Filter>GUI\SkyGUI</Filter>
    </ClInclude>
    <ClInclude Include="GUI\SkyGUISystem.h">
      <Filter>GUI</Filter>
    </ClInclude>
    <ClInclude Include="GUI\SkyWindow.h">
      <Filter>GUI</Filter>
    </ClInclude>
    <ClInclude Include="GUI\Haribote\SkyGUI.h">
      <Filter>GUI\SkyGUI</Filter>
    </ClInclude>
    <ClInclude Include="GUI\Haribote\SkyMouse.h">
      <Filter>GUI\SkyGUI</Filter>
    </ClInclude>
    <ClInclude Include="GUI\Haribote\SkyRenderer.h">
      <Filter>GUI\SkyGUI</Filter>
    </ClInclude>
    <ClInclude Include="GUI\Haribote\SkySheet.h">
      <Filter>GUI\SkyGUI</Filter>
    </ClInclude>
    <ClInclude Include="GUI\Haribote\SkySheetController.h">
      <Filter>GUI\SkyGUI</Filter>
    </ClInclude>
    <ClInclude Include="GUI\Simple\SkySimpleGUI.h">
      <Filter>GUI\Simple</Filter>
    </ClInclude>
    <ClInclude Include="SkyRenderer8.h" />
    <ClInclude Include="SkyRenderer32.h" />
    <ClInclude Include="SkySheetController8.h" />
    <ClInclude Include="SkySheetController32.h" />
    <ClInclude Include="ConsoleIOListener.h" />
    <ClInclude Include="GUI\svgagui\src\_mouse.h">
      <Filter>GUI\SVGA</Filter>
    </ClInclude>
    <ClInclude Include="GUI\svgagui\src\bigfont.h">
      <Filter>GUI\SVGA</Filter>
    </ClInclude>
    <ClInclude Include="GUI\svgagui\src\font.h">
      <Filter>GUI\SVGA</Filter>
    </ClInclude>
    <ClInclude Include="GUI\svgagui\src\font2.h">
      <Filter>GUI\SVGA</Filter>
    </ClInclude>
    <ClInclude Include="GUI\svgagui\src\local.h">
      <Filter>GUI\SVGA</Filter>
    </ClInclude>
    <ClInclude Include="GUI\svgagui\svgagui.h">
      <Filter>GUI\SVGA</Filter>
    </ClInclude>
    <ClInclude Include="GUI\svgagui\svgaguientry.h">
      <Filter>GUI\SVGA</Filter>
    </ClInclude>
    <ClInclude Include="3c905b.h" />
    <ClInclude Include="nic.h" />
    <ClInclude Include="bepci.h" />
  </ItemGroup>
  <ItemGroup>
    <Filter Include="CPU">
      <UniqueIdentifier>{f90cc337-6617-45f5-ac76-08cfe2caa5a1}</UniqueIdentifier>
    </Filter>
    <Filter Include="Memory">
      <UniqueIdentifier>{3ecdb3ef-d093-4961-af61-868ec3a1e9f5}</UniqueIdentifier>
    </Filter>
    <Filter Include="Heap">
      <UniqueIdentifier>{640d957b-b9ef-4497-94a2-ffc23c8c1734}</UniqueIdentifier>
    </Filter>
    <Filter Include="Test">
      <UniqueIdentifier>{506eb715-610c-4dae-8c11-f57a9696e441}</UniqueIdentifier>
    </Filter>
    <Filter Include="FileSystem">
      <UniqueIdentifier>{ce6fd751-bc89-48aa-bc30-d19a7ef1b762}</UniqueIdentifier>
    </Filter>
    <Filter Include="CPlusPlus">
      <UniqueIdentifier>{240e76cd-70d2-4123-ba5e-eec5ce2c056b}</UniqueIdentifier>
    </Filter>
    <Filter Include="V8086">
      <UniqueIdentifier>{868fa3a9-5761-4cc8-9ece-5f33fcbc59e5}</UniqueIdentifier>
    </Filter>
    <Filter Include="GUI">
      <UniqueIdentifier>{7822c9fb-2363-424a-9441-ee73cc8a5e76}</UniqueIdentifier>
    </Filter>
    <Filter Include="GUI\SkyGUI">
      <UniqueIdentifier>{34b531b1-2a0c-4d70-9e0b-9224e35eeb31}</UniqueIdentifier>
    </Filter>
    <Filter Include="GUI\Simple">
      <UniqueIdentifier>{b1600453-6a49-4b0c-acf7-a29e797046fb}</UniqueIdentifier>
    </Filter>
    <Filter Include="LUA">
      <UniqueIdentifier>{8831c080-5b48-4063-833e-29929338d218}</UniqueIdentifier>
    </Filter>
    <Filter Include="GUI\SVGA">
      <UniqueIdentifier>{80f91c2c-2488-4115-8a74-71b36f5b8144}</UniqueIdentifier>
    </Filter>
  </ItemGroup>
  <ItemGroup>
    <None Include="..\Debug\kernel.sys">
      <Filter>Heap</Filter>
    </None>
    <None Include="CPlusPlus\ctrycatch_exception_types.conf">
      <Filter>CPlusPlus</Filter>
    </None>
    <None Include="GUI\svgagui\src\help">
      <Filter>GUI\SVGA</Filter>
    </None>
    <None Include="GUI\svgagui\src\like.ld">
      <Filter>GUI\SVGA</Filter>
    </None>
    <None Include="GUI\svgagui\src\Makefile">
      <Filter>GUI\SVGA</Filter>
    </None>
    <None Include="GUI\svgagui\src\README.local">
      <Filter>GUI\SVGA</Filter>
    </None>
  </ItemGroup>
  <ItemGroup>
    <Text Include="GUI\svgagui\src\Readme.txt">
      <Filter>GUI\SVGA</Filter>
    </Text>
  </ItemGroup>
</Project>