<?xml version="1.0" encoding="utf-8"?>
<Project ToolsVersion="4.0" xmlns="http://schemas.microsoft.com/developer/msbuild/2003">
  <ItemGroup>
    <Filter Include="소스 파일">
      <UniqueIdentifier>{4FC737F1-C7A5-4376-A066-2A32D752A2FF}</UniqueIdentifier>
      <Extensions>cpp;c;cc;cxx;def;odl;idl;hpj;bat;asm;asmx</Extensions>
    </Filter>
    <Filter Include="헤더 파일">
      <UniqueIdentifier>{93995380-89BD-4b04-88EB-625FBE52EBFB}</UniqueIdentifier>
      <Extensions>h;hh;hpp;hxx;hm;inl;inc;xsd</Extensions>
    </Filter>
    <Filter Include="리소스 파일">
      <UniqueIdentifier>{67DA6AB6-F800-4c08-8B7A-83BB121AAD01}</UniqueIdentifier>
      <Extensions>rc;ico;cur;bmp;dlg;rc2;rct;bin;rgs;gif;jpg;jpeg;jpe;resx;tiff;tif;png;wav;mfcribbon-ms</Extensions>
    </Filter>
    <Filter Include="ZLIB">
      <UniqueIdentifier>{a2b56fd1-dea1-48ed-bb67-29ab12dc3311}</UniqueIdentifier>
    </Filter>
    <Filter Include="libpng">
      <UniqueIdentifier>{e74b4328-2e1d-4758-9442-4e36ffa9d1ca}</UniqueIdentifier>
    </Filter>
  </ItemGroup>
  <ItemGroup>
    <Text Include="ReadMe.txt" />
  </ItemGroup>
  <ItemGroup>
    <ClCompile Include="dllmain.cpp">
      <Filter>소스 파일</Filter>
    </ClCompile>
    <ClCompile Include="GUIEngine.cpp">
      <Filter>소스 파일</Filter>
    </ClCompile>
    <ClCompile Include="bar.cpp">
      <Filter>소스 파일</Filter>
    </ClCompile>
    <ClCompile Include="font.cpp">
      <Filter>소스 파일</Filter>
    </ClCompile>
    <ClCompile Include="svga_window.cpp">
      <Filter>소스 파일</Filter>
    </ClCompile>
    <ClCompile Include="textCtrl.cpp">
      <Filter>소스 파일</Filter>
    </ClCompile>
    <ClCompile Include="wnd.cpp">
      <Filter>소스 파일</Filter>
    </ClCompile>
    <ClCompile Include="vesa.cpp">
      <Filter>소스 파일</Filter>
    </ClCompile>
    <ClCompile Include="adler32.c">
      <Filter>ZLIB</Filter>
    </ClCompile>
    <ClCompile Include="compress.c">
      <Filter>ZLIB</Filter>
    </ClCompile>
    <ClCompile Include="crc32.c">
      <Filter>ZLIB</Filter>
    </ClCompile>
    <ClCompile Include="deflate.c">
      <Filter>ZLIB</Filter>
    </ClCompile>
    <ClCompile Include="infback.c">
      <Filter>ZLIB</Filter>
    </ClCompile>
    <ClCompile Include="inffast.c">
      <Filter>ZLIB</Filter>
    </ClCompile>
    <ClCompile Include="inflate.c">
      <Filter>ZLIB</Filter>
    </ClCompile>
    <ClCompile Include="inftrees.c">
      <Filter>ZLIB</Filter>
    </ClCompile>
    <ClCompile Include="trees.c">
      <Filter>ZLIB</Filter>
    </ClCompile>
    <ClCompile Include="uncompr.c">
      <Filter>ZLIB</Filter>
    </ClCompile>
    <ClCompile Include="zutil.c">
      <Filter>ZLIB</Filter>
    </ClCompile>
    <ClCompile Include="libpng\png.c">
      <Filter>libpng</Filter>
    </ClCompile>
    <ClCompile Include="libpng\pngget.c">
      <Filter>libpng</Filter>
    </ClCompile>
    <ClCompile Include="libpng\pngmem.c">
      <Filter>libpng</Filter>
    </ClCompile>
    <ClCompile Include="libpng\pngpread.c">
      <Filter>libpng</Filter>
    </ClCompile>
    <ClCompile Include="libpng\pngread.c">
      <Filter>libpng</Filter>
    </ClCompile>
    <ClCompile Include="libpng\pngrio.c">
      <Filter>libpng</Filter>
    </ClCompile>
    <ClCompile Include="libpng\pngrtran.c">
      <Filter>libpng</Filter>
    </ClCompile>
    <ClCompile Include="libpng\pngrutil.c">
      <Filter>libpng</Filter>
    </ClCompile>
    <ClCompile Include="libpng\pngset.c">
      <Filter>libpng</Filter>
    </ClCompile>
    <ClCompile Include="libpng\pngtrans.c">
      <Filter>libpng</Filter>
    </ClCompile>
    <ClCompile Include="libpng\pngwio.c">
      <Filter>libpng</Filter>
    </ClCompile>
    <ClCompile Include="libpng\pngwrite.c">
      <Filter>libpng</Filter>
    </ClCompile>
    <ClCompile Include="libpng\pngwtran.c">
      <Filter>libpng</Filter>
    </ClCompile>
    <ClCompile Include="libpng\pngwutil.c">
      <Filter>libpng</Filter>
    </ClCompile>
    <ClCompile Include="setjmp.c">
      <Filter>libpng</Filter>
    </ClCompile>
    <ClCompile Include="modf.c">
      <Filter>소스 파일</Filter>
    </ClCompile>
    <ClCompile Include="libpng\pngerror.cpp">
      <Filter>libpng</Filter>
    </ClCompile>
  </ItemGroup>
  <ItemGroup>
    <ClInclude Include="GUIEngine.h">
      <Filter>소스 파일</Filter>
    </ClInclude>
    <ClInclude Include="bar.h">
      <Filter>소스 파일</Filter>
    </ClInclude>
    <ClInclude Include="font.h">
      <Filter>소스 파일</Filter>
    </ClInclude>
    <ClInclude Include="fontres.h">
      <Filter>소스 파일</Filter>
    </ClInclude>
    <ClInclude Include="svga_window.h">
      <Filter>소스 파일</Filter>
    </ClInclude>
    <ClInclude Include="txtCtrl.h">
      <Filter>소스 파일</Filter>
    </ClInclude>
    <ClInclude Include="wnd.h">
      <Filter>소스 파일</Filter>
    </ClInclude>
    <ClInclude Include="VESA.h">
      <Filter>소스 파일</Filter>
    </ClInclude>
    <ClInclude Include="libpng\png.h">
      <Filter>libpng</Filter>
    </ClInclude>
    <ClInclude Include="libpng\pngconf.h">
      <Filter>libpng</Filter>
    </ClInclude>
    <ClInclude Include="libpng\pngdebug.h">
      <Filter>libpng</Filter>
    </ClInclude>
    <ClInclude Include="libpng\pnginfo.h">
      <Filter>libpng</Filter>
    </ClInclude>
    <ClInclude Include="libpng\pnglibconf.h">
      <Filter>libpng</Filter>
    </ClInclude>
    <ClInclude Include="libpng\pngpriv.h">
      <Filter>libpng</Filter>
    </ClInclude>
    <ClInclude Include="libpng\pngstruct.h">
      <Filter>libpng</Filter>
    </ClInclude>
    <ClInclude Include="setjmp.h">
      <Filter>libpng</Filter>
    </ClInclude>
  </ItemGroup>
</Project>